<?xml version="1.0" encoding="utf-8"?>
<Project ToolsVersion="4.0" xmlns="http://schemas.microsoft.com/developer/msbuild/2003">
  <ItemGroup>
    <Filter Include="Source Files">
      <UniqueIdentifier>{4FC737F1-C7A5-4376-A066-2A32D752A2FF}</UniqueIdentifier>
      <Extensions>cpp;c;cc;cxx;c++;cppm;ixx;def;odl;idl;hpj;bat;asm;asmx</Extensions>
    </Filter>
    <Filter Include="Header Files">
      <UniqueIdentifier>{93995380-89BD-4b04-88EB-625FBE52EBFB}</UniqueIdentifier>
      <Extensions>h;hh;hpp;hxx;h++;hm;inl;inc;ipp;xsd</Extensions>
    </Filter>
    <Filter Include="Resource Files">
      <UniqueIdentifier>{67DA6AB6-F800-4c08-8B7A-83BB121AAD01}</UniqueIdentifier>
      <Extensions>rc;ico;cur;bmp;dlg;rc2;rct;bin;rgs;gif;jpg;jpeg;jpe;resx;tiff;tif;png;wav;mfcribbon-ms</Extensions>
    </Filter>
  </ItemGroup>
  <ItemGroup>
    <ClCompile Include="TradingSystem Moda.cpp">
      <Filter>Source Files</Filter>
    </ClCompile>
    <ClCompile Include="MyString.cpp">
      <Filter>Source Files</Filter>
    </ClCompile>
    <ClCompile Include="Models\User.cpp">
      <Filter>Source Files</Filter>
    </ClCompile>
    <ClCompile Include="Models\Business.cpp">
      <Filter>Source Files</Filter>
    </ClCompile>
    <ClCompile Include="Objects\Product.cpp">
      <Filter>Source Files</Filter>
    </ClCompile>
    <ClCompile Include="Models\Admin.cpp">
      <Filter>Source Files</Filter>
    </ClCompile>
    <ClCompile Include="Models\Client.cpp">
      <Filter>Source Files</Filter>
    </ClCompile>
    <ClCompile Include="Objects\Check.cpp">
      <Filter>Source Files</Filter>
    </ClCompile>
    <ClCompile Include="Storage.cpp">
      <Filter>Source Files</Filter>
    </ClCompile>
    <ClCompile Include="Objects\Searchbar.cpp">
      <Filter>Source Files</Filter>
    </ClCompile>
    <ClCompile Include="Objects\Cart.cpp">
      <Filter>Source Files</Filter>
    </ClCompile>
    <ClCompile Include="System.cpp">
      <Filter>Source Files</Filter>
    </ClCompile>
    <ClCompile Include="Models\UsersContainer.cpp">
      <Filter>Source Files</Filter>
    </ClCompile>
    <ClCompile Include="Models\UserFactory.cpp">
      <Filter>Source Files</Filter>
    </ClCompile>
    <ClCompile Include="Commands\RegisterCommand.cpp">
      <Filter>Source Files</Filter>
    </ClCompile>
    <ClCompile Include="Commands\LoginCommand.cpp">
      <Filter>Source Files</Filter>
    </ClCompile>
    <ClCompile Include="Utils.cpp">
      <Filter>Source Files</Filter>
    </ClCompile>
    <ClCompile Include="Commands\LogoutCommand.cpp">
      <Filter>Source Files</Filter>
    </ClCompile>
    <ClCompile Include="Commands\AddToCartCommand.cpp">
      <Filter>Source Files</Filter>
    </ClCompile>
    <ClCompile Include="Objects\Order.cpp">
      <Filter>Source Files</Filter>
    </ClCompile>
    <ClCompile Include="Commands\RemoveFromCartCommand.cpp">
      <Filter>Source Files</Filter>
    </ClCompile>
    <ClCompile Include="Objects\OrderContainer.cpp">
      <Filter>Source Files</Filter>
    </ClCompile>
    <ClCompile Include="Objects\Mailbox.cpp">
      <Filter>Source Files</Filter>
    </ClCompile>
    <ClCompile Include="Commands\AddItemCommand.cpp">
      <Filter>Source Files</Filter>
    </ClCompile>
    <ClCompile Include="Commands\RemoveItemCommand.cpp">
      <Filter>Source Files</Filter>
    </ClCompile>
    <ClCompile Include="Commands\ListPendingOrdersCommand.cpp">
      <Filter>Source Files</Filter>
    </ClCompile>
    <ClCompile Include="Commands\ApproveOrderCommand.cpp">
      <Filter>Source Files</Filter>
    </ClCompile>
    <ClCompile Include="Commands\ListOrdersCommand.cpp">
      <Filter>Source Files</Filter>
    </ClCompile>
    <ClCompile Include="Commands\OrderHistoryCommand.cpp">
      <Filter>Source Files</Filter>
    </ClCompile>
    <ClCompile Include="Commands\ListShippedOrdersCommand.cpp">
      <Filter>Source Files</Filter>
    </ClCompile>
    <ClCompile Include="Commands\ConfirmOrderCommand.cpp">
      <Filter>Source Files</Filter>
    </ClCompile>
    <ClCompile Include="Commands\ViewRevenueCommand.cpp">
      <Filter>Source Files</Filter>
    </ClCompile>
    <ClCompile Include="Commands\RequestRefundCommand.cpp">
      <Filter>Source Files</Filter>
    </ClCompile>
    <ClCompile Include="Commands\ListRefundsCommand.cpp">
      <Filter>Source Files</Filter>
    </ClCompile>
    <ClCompile Include="Commands\ApproveRefundCommand.cpp">
      <Filter>Source Files</Filter>
    </ClCompile>
    <ClCompile Include="Commands\RefundedOrdersCommand.cpp">
      <Filter>Source Files</Filter>
    </ClCompile>
    <ClCompile Include="Commands\RejectOrderCommand.cpp">
      <Filter>Source Files</Filter>
    </ClCompile>
    <ClCompile Include="Commands\RejectRefundCommand.cpp">
      <Filter>Source Files</Filter>
    </ClCompile>
    <ClCompile Include="Commands\ListBestSellingProductsCommand.cpp">
      <Filter>Source Files</Filter>
    </ClCompile>
    <ClCompile Include="Objects\Rating.cpp">
      <Filter>Source Files</Filter>
    </ClCompile>
    <ClCompile Include="Objects\RatingContainer.cpp">
      <Filter>Source Files</Filter>
    </ClCompile>
    <ClCompile Include="Commands\RateProductCommand.cpp">
      <Filter>Source Files</Filter>
    </ClCompile>
    <ClCompile Include="Commands\CheckBalanceCommand.cpp">
      <Filter>Source Files</Filter>
    </ClCompile>
    <ClCompile Include="Commands\RedeemCommand.cpp">
      <Filter>Source Files</Filter>
    </ClCompile>
    <ClCompile Include="Objects\CheckContainer.cpp">
      <Filter>Source Files</Filter>
    </ClCompile>
    <ClCompile Include="Commands\ListProductsCommand.cpp">
      <Filter>Source Files</Filter>
    </ClCompile>
    <ClCompile Include="Commands\ViewProductCommand.cpp">
      <Filter>Source Files</Filter>
    </ClCompile>
    <ClCompile Include="Commands\SendCheckCommand.cpp">
      <Filter>Source Files</Filter>
    </ClCompile>
    <ClCompile Include="Commands\ApplyDiscountCommand.cpp">
      <Filter>Source Files</Filter>
    </ClCompile>
    <ClCompile Include="Commands\CheckoutCommand.cpp">
      <Filter>Source Files</Filter>
    </ClCompile>
    <ClCompile Include="Commands\RemoveDiscountCommand.cpp">
      <Filter>Source Files</Filter>
    </ClCompile>
    <ClCompile Include="Objects\Wallet.cpp">
      <Filter>Source Files</Filter>
    </ClCompile>
    <ClCompile Include="Objects\Bank.cpp">
      <Filter>Source Files</Filter>
    </ClCompile>
    <ClCompile Include="Commands\ViewCartCommand.cpp">
      <Filter>Source Files</Filter>
    </ClCompile>
    <ClCompile Include="Objects\CartContainer.cpp">
      <Filter>Source Files</Filter>
    </ClCompile>
    <ClCompile Include="Commands\CommandFactory.cpp">
      <Filter>Source Files</Filter>
    </ClCompile>
    <ClCompile Include="Commands\HelpCommand.cpp">
      <Filter>Source Files</Filter>
    </ClCompile>
    <ClCompile Include="Commands\ViewProfileCommand.cpp">
      <Filter>Source Files</Filter>
    </ClCompile>
    <ClCompile Include="Commands\ViewTransactionsCommand.cpp">
      <Filter>Source Files</Filter>
    </ClCompile>
    <ClCompile Include="Commands\CustomerInsightsCommand.cpp">
      <Filter>Source Files</Filter>
    </ClCompile>
  </ItemGroup>
  <ItemGroup>
    <ClInclude Include="Objects\Product.h">
      <Filter>Header Files</Filter>
    </ClInclude>
    <ClInclude Include="MyString.h">
      <Filter>Header Files</Filter>
    </ClInclude>
    <ClInclude Include="Models\User.h">
      <Filter>Header Files</Filter>
    </ClInclude>
    <ClInclude Include="Models\Business.h">
      <Filter>Header Files</Filter>
    </ClInclude>
    <ClInclude Include="Models\Admin.h">
      <Filter>Header Files</Filter>
    </ClInclude>
    <ClInclude Include="Models\Client.h">
      <Filter>Header Files</Filter>
    </ClInclude>
    <ClInclude Include="Objects\Check.h">
      <Filter>Header Files</Filter>
    </ClInclude>
    <ClInclude Include="Objects\CheckContainer.h">
      <Filter>Header Files</Filter>
    </ClInclude>
    <ClInclude Include="Storage.h">
      <Filter>Header Files</Filter>
    </ClInclude>
    <ClInclude Include="Objects\Searchbar.h">
      <Filter>Header Files</Filter>
    </ClInclude>
    <ClInclude Include="Objects\Cart.h">
      <Filter>Header Files</Filter>
    </ClInclude>
    <ClInclude Include="System.h">
      <Filter>Header Files</Filter>
    </ClInclude>
    <ClInclude Include="Models\UsersContainer.h">
      <Filter>Header Files</Filter>
    </ClInclude>
    <ClInclude Include="Commands\Command.h">
      <Filter>Header Files</Filter>
    </ClInclude>
    <ClInclude Include="Models\UserFactory.h">
      <Filter>Header Files</Filter>
    </ClInclude>
    <ClInclude Include="Commands\RegisterCommand.h">
      <Filter>Header Files</Filter>
    </ClInclude>
    <ClInclude Include="Commands\LoginCommand.h">
      <Filter>Header Files</Filter>
    </ClInclude>
    <ClInclude Include="Utils.h">
      <Filter>Header Files</Filter>
    </ClInclude>
    <ClInclude Include="Commands\LogoutCommand.h">
      <Filter>Header Files</Filter>
    </ClInclude>
    <ClInclude Include="Commands\AddToCartCommand.h">
      <Filter>Header Files</Filter>
    </ClInclude>
    <ClInclude Include="Objects\Order.h">
      <Filter>Header Files</Filter>
    </ClInclude>
    <ClInclude Include="Commands\RemoveFromCartCommand.h">
      <Filter>Header Files</Filter>
    </ClInclude>
    <ClInclude Include="Objects\OrderContainer.h">
      <Filter>Header Files</Filter>
    </ClInclude>
    <ClInclude Include="Objects\Mailbox.h">
      <Filter>Header Files</Filter>
    </ClInclude>
    <ClInclude Include="Commands\AddItemCommand.h">
      <Filter>Header Files</Filter>
    </ClInclude>
    <ClInclude Include="Commands\RemoveItemCommand.h">
      <Filter>Header Files</Filter>
    </ClInclude>
    <ClInclude Include="Commands\ListPendingOrdersCommand.h">
      <Filter>Header Files</Filter>
    </ClInclude>
    <ClInclude Include="Commands\ApproveOrderCommand.h">
      <Filter>Header Files</Filter>
    </ClInclude>
    <ClInclude Include="Commands\ListOrdersCommand.h">
      <Filter>Header Files</Filter>
    </ClInclude>
    <ClInclude Include="Commands\OrderHistoryCommand.h">
      <Filter>Header Files</Filter>
    </ClInclude>
    <ClInclude Include="Commands\ListShippedOrdersCommand.h">
      <Filter>Header Files</Filter>
    </ClInclude>
    <ClInclude Include="Commands\ConfirmOrderCommand.h">
      <Filter>Header Files</Filter>
    </ClInclude>
    <ClInclude Include="Commands\ViewRevenueCommand.h">
      <Filter>Header Files</Filter>
    </ClInclude>
    <ClInclude Include="Commands\RequestRefundCommand.h">
      <Filter>Header Files</Filter>
    </ClInclude>
    <ClInclude Include="Commands\ListRefundsCommand.h">
      <Filter>Header Files</Filter>
    </ClInclude>
    <ClInclude Include="Commands\ApproveRefundCommand.h">
      <Filter>Header Files</Filter>
    </ClInclude>
    <ClInclude Include="Commands\RefundedOrdersCommand.h">
      <Filter>Header Files</Filter>
    </ClInclude>
    <ClInclude Include="Commands\RejectOrderCommand.h">
      <Filter>Header Files</Filter>
    </ClInclude>
    <ClInclude Include="Commands\RejectRefundCommand.h">
      <Filter>Header Files</Filter>
    </ClInclude>
    <ClInclude Include="Commands\ListBestSellingProductsCommand.h">
      <Filter>Header Files</Filter>
    </ClInclude>
    <ClInclude Include="Objects\Rating.h">
      <Filter>Header Files</Filter>
    </ClInclude>
    <ClInclude Include="Objects\RatingContainer.h">
      <Filter>Header Files</Filter>
    </ClInclude>
    <ClInclude Include="Commands\RateProductCommand.h">
      <Filter>Header Files</Filter>
    </ClInclude>
    <ClInclude Include="Commands\CheckBalanceCommand.h">
      <Filter>Header Files</Filter>
    </ClInclude>
    <ClInclude Include="Commands\RedeemCommand.h">
      <Filter>Header Files</Filter>
    </ClInclude>
    <ClInclude Include="Commands\ListProductsCommand.h">
      <Filter>Header Files</Filter>
    </ClInclude>
    <ClInclude Include="Commands\ViewProductCommand.h">
      <Filter>Header Files</Filter>
    </ClInclude>
    <ClInclude Include="Commands\SendCheckCommand.h">
      <Filter>Header Files</Filter>
    </ClInclude>
    <ClInclude Include="Commands\ViewTransactionsCommand.h">
      <Filter>Header Files</Filter>
    </ClInclude>
    <ClInclude Include="Commands\ApplyDiscountCommand.h">
      <Filter>Header Files</Filter>
    </ClInclude>
    <ClInclude Include="Commands\RemoveDiscountCommand.h">
      <Filter>Header Files</Filter>
    </ClInclude>
    <ClInclude Include="Commands\CheckoutCommand.h">
      <Filter>Header Files</Filter>
    </ClInclude>
    <ClInclude Include="Objects\Wallet.h">
      <Filter>Header Files</Filter>
    </ClInclude>
    <ClInclude Include="Objects\Bank.h">
      <Filter>Header Files</Filter>
    </ClInclude>
    <ClInclude Include="Commands\ViewCartCommand.h">
      <Filter>Header Files</Filter>
    </ClInclude>
    <ClInclude Include="Objects\CartContainer.h">
      <Filter>Header Files</Filter>
    </ClInclude>
    <ClInclude Include="Commands\CommandFactory.h">
      <Filter>Header Files</Filter>
    </ClInclude>
    <ClInclude Include="Commands\HelpCommand.h">
      <Filter>Header Files</Filter>
    </ClInclude>
    <ClInclude Include="Commands\ViewProfileCommand.h">
      <Filter>Header Files</Filter>
    </ClInclude>
    <ClInclude Include="Commands\CustomerInsightsCommand.h">
      <Filter>Header Files</Filter>
    </ClInclude>
  </ItemGroup>
  <ItemGroup>
    <Text Include="items_collection.txt" />
    <Text Include="uncashed_checks.txt" />
    <Text Include="users.txt" />
    <Text Include="orders.txt" />
    <Text Include="refunds.txt" />
    <Text Include="refund_requests.txt" />
    <Text Include="rejected_requests.txt" />
    <Text Include="descriptions.txt" />
    <Text Include="ratings.txt" />
    <Text Include="transactions.txt" />
    <Text Include="bank.txt" />
    <Text Include="carts.txt" />
  </ItemGroup>
  <ItemGroup>
    <None Include=".gitignore" />
  </ItemGroup>
</Project>